// !$*UTF8*$!
{
	archiveVersion = 1;
	classes = {
	};
	objectVersion = 46;
	objects = {

/* Begin PBXBuildFile section */
		950C3AA51FAB373D00221F19 /* web2 in Resources */ = {isa = PBXBuildFile; fileRef = 950C3AA41FAB373D00221F19 /* web2 */; };
		9571C34A1F9F60F00080C493 /* RecipeCell.swift in Sources */ = {isa = PBXBuildFile; fileRef = 9571C3491F9F60F00080C493 /* RecipeCell.swift */; };
		9571C34C1FA05BD70080C493 /* GradientView.swift in Sources */ = {isa = PBXBuildFile; fileRef = 9571C34B1FA05BD70080C493 /* GradientView.swift */; };
		9571C34E1FA063570080C493 /* SectionHeaderView.swift in Sources */ = {isa = PBXBuildFile; fileRef = 9571C34D1FA063570080C493 /* SectionHeaderView.swift */; };
		95FAFB361F814E2300880381 /* AppDelegate.swift in Sources */ = {isa = PBXBuildFile; fileRef = 95FAFB351F814E2300880381 /* AppDelegate.swift */; };
		95FAFB3B1F814E2400880381 /* Main.storyboard in Resources */ = {isa = PBXBuildFile; fileRef = 95FAFB391F814E2400880381 /* Main.storyboard */; };
		95FAFB3D1F814E2400880381 /* Assets.xcassets in Resources */ = {isa = PBXBuildFile; fileRef = 95FAFB3C1F814E2400880381 /* Assets.xcassets */; };
		95FAFB401F814E2400880381 /* LaunchScreen.storyboard in Resources */ = {isa = PBXBuildFile; fileRef = 95FAFB3E1F814E2400880381 /* LaunchScreen.storyboard */; };
		95FAFB481F8152C000880381 /* RecipesGridViewController.swift in Sources */ = {isa = PBXBuildFile; fileRef = 95FAFB471F8152C000880381 /* RecipesGridViewController.swift */; };
		95FAFB4A1F8152DA00880381 /* Recipe.swift in Sources */ = {isa = PBXBuildFile; fileRef = 95FAFB491F8152DA00880381 /* Recipe.swift */; };
		95FAFB4C1F8152E600880381 /* RecipeDataSource.swift in Sources */ = {isa = PBXBuildFile; fileRef = 95FAFB4B1F8152E600880381 /* RecipeDataSource.swift */; };
		95FAFB4E1F81578F00880381 /* Recipes.plist in Resources */ = {isa = PBXBuildFile; fileRef = 95FAFB4D1F81578F00880381 /* Recipes.plist */; };
		95FAFB501F82B28400880381 /* RecipeDetailViewController.swift in Sources */ = {isa = PBXBuildFile; fileRef = 95FAFB4F1F82B28400880381 /* RecipeDetailViewController.swift */; };
		95FAFB521F82B6BF00880381 /* ReadMe in Resources */ = {isa = PBXBuildFile; fileRef = 95FAFB511F82B6BF00880381 /* ReadMe */; };
/* End PBXBuildFile section */

/* Begin PBXFileReference section */
		950C3AA41FAB373D00221F19 /* web2 */ = {isa = PBXFileReference; fileEncoding = 4; lastKnownFileType = text; name = web2; path = DummyFiles/web2; sourceTree = "<group>"; };
		9571C3491F9F60F00080C493 /* RecipeCell.swift */ = {isa = PBXFileReference; lastKnownFileType = sourcecode.swift; path = RecipeCell.swift; sourceTree = "<group>"; };
		9571C34B1FA05BD70080C493 /* GradientView.swift */ = {isa = PBXFileReference; fileEncoding = 4; lastKnownFileType = sourcecode.swift; path = GradientView.swift; sourceTree = "<group>"; };
		9571C34D1FA063570080C493 /* SectionHeaderView.swift */ = {isa = PBXFileReference; lastKnownFileType = sourcecode.swift; path = SectionHeaderView.swift; sourceTree = "<group>"; };
		95FAFB321F814E2300880381 /* RecipeCollection.app */ = {isa = PBXFileReference; explicitFileType = wrapper.application; includeInIndex = 0; path = RecipeCollection.app; sourceTree = BUILT_PRODUCTS_DIR; };
		95FAFB351F814E2300880381 /* AppDelegate.swift */ = {isa = PBXFileReference; lastKnownFileType = sourcecode.swift; path = AppDelegate.swift; sourceTree = "<group>"; };
		95FAFB3A1F814E2400880381 /* Base */ = {isa = PBXFileReference; lastKnownFileType = file.storyboard; name = Base; path = Base.lproj/Main.storyboard; sourceTree = "<group>"; };
		95FAFB3C1F814E2400880381 /* Assets.xcassets */ = {isa = PBXFileReference; lastKnownFileType = folder.assetcatalog; path = Assets.xcassets; sourceTree = "<group>"; };
		95FAFB3F1F814E2400880381 /* Base */ = {isa = PBXFileReference; lastKnownFileType = file.storyboard; name = Base; path = Base.lproj/LaunchScreen.storyboard; sourceTree = "<group>"; };
		95FAFB411F814E2400880381 /* Info.plist */ = {isa = PBXFileReference; lastKnownFileType = text.plist.xml; path = Info.plist; sourceTree = "<group>"; };
		95FAFB471F8152C000880381 /* RecipesGridViewController.swift */ = {isa = PBXFileReference; fileEncoding = 4; lastKnownFileType = sourcecode.swift; path = RecipesGridViewController.swift; sourceTree = "<group>"; };
		95FAFB491F8152DA00880381 /* Recipe.swift */ = {isa = PBXFileReference; fileEncoding = 4; lastKnownFileType = sourcecode.swift; path = Recipe.swift; sourceTree = "<group>"; };
		95FAFB4B1F8152E600880381 /* RecipeDataSource.swift */ = {isa = PBXFileReference; fileEncoding = 4; lastKnownFileType = sourcecode.swift; path = RecipeDataSource.swift; sourceTree = "<group>"; };
		95FAFB4D1F81578F00880381 /* Recipes.plist */ = {isa = PBXFileReference; fileEncoding = 4; lastKnownFileType = text.plist.xml; name = Recipes.plist; path = DummyFiles/Recipes.plist; sourceTree = "<group>"; };
		95FAFB4F1F82B28400880381 /* RecipeDetailViewController.swift */ = {isa = PBXFileReference; fileEncoding = 4; lastKnownFileType = sourcecode.swift; path = RecipeDetailViewController.swift; sourceTree = "<group>"; };
		95FAFB511F82B6BF00880381 /* ReadMe */ = {isa = PBXFileReference; fileEncoding = 4; lastKnownFileType = text; path = ReadMe; sourceTree = "<group>"; };
/* End PBXFileReference section */

/* Begin PBXFrameworksBuildPhase section */
		95FAFB2F1F814E2300880381 /* Frameworks */ = {
			isa = PBXFrameworksBuildPhase;
			buildActionMask = 2147483647;
			files = (
			);
			runOnlyForDeploymentPostprocessing = 0;
		};
/* End PBXFrameworksBuildPhase section */

/* Begin PBXGroup section */
		95FAFB291F814E2300880381 = {
			isa = PBXGroup;
			children = (
				95FAFB511F82B6BF00880381 /* ReadMe */,
				95FAFB341F814E2300880381 /* RecipeCollection */,
				95FAFB331F814E2300880381 /* Products */,
			);
			sourceTree = "<group>";
		};
		95FAFB331F814E2300880381 /* Products */ = {
			isa = PBXGroup;
			children = (
				95FAFB321F814E2300880381 /* RecipeCollection.app */,
			);
			name = Products;
			sourceTree = "<group>";
		};
		95FAFB341F814E2300880381 /* RecipeCollection */ = {
			isa = PBXGroup;
			children = (
				95FAFB351F814E2300880381 /* AppDelegate.swift */,
				9571C3491F9F60F00080C493 /* RecipeCell.swift */,
				9571C34D1FA063570080C493 /* SectionHeaderView.swift */,
				95FAFB471F8152C000880381 /* RecipesGridViewController.swift */,
				95FAFB4F1F82B28400880381 /* RecipeDetailViewController.swift */,
				95FAFB4B1F8152E600880381 /* RecipeDataSource.swift */,
				95FAFB491F8152DA00880381 /* Recipe.swift */,
				9571C34B1FA05BD70080C493 /* GradientView.swift */,
				95FAFB391F814E2400880381 /* Main.storyboard */,
				95FAFB3C1F814E2400880381 /* Assets.xcassets */,
				95FAFB3E1F814E2400880381 /* LaunchScreen.storyboard */,
				95FAFB411F814E2400880381 /* Info.plist */,
				95FAFB4D1F81578F00880381 /* Recipes.plist */,
				950C3AA41FAB373D00221F19 /* web2 */,
			);
			path = RecipeCollection;
			sourceTree = "<group>";
		};
/* End PBXGroup section */

/* Begin PBXNativeTarget section */
		95FAFB311F814E2300880381 /* RecipeCollection */ = {
			isa = PBXNativeTarget;
			buildConfigurationList = 95FAFB441F814E2400880381 /* Build configuration list for PBXNativeTarget "RecipeCollection" */;
			buildPhases = (
				95FAFB2E1F814E2300880381 /* Sources */,
				95FAFB2F1F814E2300880381 /* Frameworks */,
				95FAFB301F814E2300880381 /* Resources */,
			);
			buildRules = (
			);
			dependencies = (
			);
			name = RecipeCollection;
			productName = RecipeCollection;
			productReference = 95FAFB321F814E2300880381 /* RecipeCollection.app */;
			productType = "com.apple.product-type.application";
		};
/* End PBXNativeTarget section */

/* Begin PBXProject section */
		95FAFB2A1F814E2300880381 /* Project object */ = {
			isa = PBXProject;
			attributes = {
				LastSwiftUpdateCheck = 0830;
				LastUpgradeCheck = 0830;
				ORGANIZATIONNAME = itsdamslife;
				TargetAttributes = {
					95FAFB311F814E2300880381 = {
						CreatedOnToolsVersion = 8.3.3;
						DevelopmentTeam = CRCC8S2RPF;
						ProvisioningStyle = Automatic;
					};
				};
			};
			buildConfigurationList = 95FAFB2D1F814E2300880381 /* Build configuration list for PBXProject "RecipeCollection" */;
			compatibilityVersion = "Xcode 3.2";
			developmentRegion = English;
			hasScannedForEncodings = 0;
			knownRegions = (
				en,
				Base,
			);
			mainGroup = 95FAFB291F814E2300880381;
			productRefGroup = 95FAFB331F814E2300880381 /* Products */;
			projectDirPath = "";
			projectRoot = "";
			targets = (
				95FAFB311F814E2300880381 /* RecipeCollection */,
			);
		};
/* End PBXProject section */

/* Begin PBXResourcesBuildPhase section */
		95FAFB301F814E2300880381 /* Resources */ = {
			isa = PBXResourcesBuildPhase;
			buildActionMask = 2147483647;
			files = (
				950C3AA51FAB373D00221F19 /* web2 in Resources */,
				95FAFB521F82B6BF00880381 /* ReadMe in Resources */,
				95FAFB401F814E2400880381 /* LaunchScreen.storyboard in Resources */,
				95FAFB3D1F814E2400880381 /* Assets.xcassets in Resources */,
				95FAFB4E1F81578F00880381 /* Recipes.plist in Resources */,
				95FAFB3B1F814E2400880381 /* Main.storyboard in Resources */,
			);
			runOnlyForDeploymentPostprocessing = 0;
		};
/* End PBXResourcesBuildPhase section */

/* Begin PBXSourcesBuildPhase section */
		95FAFB2E1F814E2300880381 /* Sources */ = {
			isa = PBXSourcesBuildPhase;
			buildActionMask = 2147483647;
			files = (
				95FAFB4C1F8152E600880381 /* RecipeDataSource.swift in Sources */,
				95FAFB4A1F8152DA00880381 /* Recipe.swift in Sources */,
				95FAFB481F8152C000880381 /* RecipesGridViewController.swift in Sources */,
				9571C34E1FA063570080C493 /* SectionHeaderView.swift in Sources */,
				9571C34A1F9F60F00080C493 /* RecipeCell.swift in Sources */,
				9571C34C1FA05BD70080C493 /* GradientView.swift in Sources */,
				95FAFB501F82B28400880381 /* RecipeDetailViewController.swift in Sources */,
				95FAFB361F814E2300880381 /* AppDelegate.swift in Sources */,
			);
			runOnlyForDeploymentPostprocessing = 0;
		};
/* End PBXSourcesBuildPhase section */

/* Begin PBXVariantGroup section */
		95FAFB391F814E2400880381 /* Main.storyboard */ = {
			isa = PBXVariantGroup;
			children = (
				95FAFB3A1F814E2400880381 /* Base */,
			);
			name = Main.storyboard;
			sourceTree = "<group>";
		};
		95FAFB3E1F814E2400880381 /* LaunchScreen.storyboard */ = {
			isa = PBXVariantGroup;
			children = (
				95FAFB3F1F814E2400880381 /* Base */,
			);
			name = LaunchScreen.storyboard;
			sourceTree = "<group>";
		};
/* End PBXVariantGroup section */

/* Begin XCBuildConfiguration section */
		95FAFB421F814E2400880381 /* Debug */ = {
			isa = XCBuildConfiguration;
			buildSettings = {
				ALWAYS_SEARCH_USER_PATHS = NO;
				CLANG_ANALYZER_NONNULL = YES;
				CLANG_ANALYZER_NUMBER_OBJECT_CONVERSION = YES_AGGRESSIVE;
				CLANG_CXX_LANGUAGE_STANDARD = "gnu++0x";
				CLANG_CXX_LIBRARY = "libc++";
				CLANG_ENABLE_MODULES = YES;
				CLANG_ENABLE_OBJC_ARC = YES;
				CLANG_WARN_BOOL_CONVERSION = YES;
				CLANG_WARN_CONSTANT_CONVERSION = YES;
				CLANG_WARN_DIRECT_OBJC_ISA_USAGE = YES_ERROR;
				CLANG_WARN_DOCUMENTATION_COMMENTS = YES;
				CLANG_WARN_EMPTY_BODY = YES;
				CLANG_WARN_ENUM_CONVERSION = YES;
				CLANG_WARN_INFINITE_RECURSION = YES;
				CLANG_WARN_INT_CONVERSION = YES;
				CLANG_WARN_OBJC_ROOT_CLASS = YES_ERROR;
				CLANG_WARN_SUSPICIOUS_MOVE = YES;
				CLANG_WARN_UNREACHABLE_CODE = YES;
				CLANG_WARN__DUPLICATE_METHOD_MATCH = YES;
				"CODE_SIGN_IDENTITY[sdk=iphoneos*]" = "iPhone Developer";
				COPY_PHASE_STRIP = NO;
				DEBUG_INFORMATION_FORMAT = dwarf;
				ENABLE_STRICT_OBJC_MSGSEND = YES;
				ENABLE_TESTABILITY = YES;
				GCC_C_LANGUAGE_STANDARD = gnu99;
				GCC_DYNAMIC_NO_PIC = NO;
				GCC_NO_COMMON_BLOCKS = YES;
				GCC_OPTIMIZATION_LEVEL = 0;
				GCC_PREPROCESSOR_DEFINITIONS = (
					"DEBUG=1",
					"$(inherited)",
				);
				GCC_WARN_64_TO_32_BIT_CONVERSION = YES;
				GCC_WARN_ABOUT_RETURN_TYPE = YES_ERROR;
				GCC_WARN_UNDECLARED_SELECTOR = YES;
				GCC_WARN_UNINITIALIZED_AUTOS = YES_AGGRESSIVE;
				GCC_WARN_UNUSED_FUNCTION = YES;
				GCC_WARN_UNUSED_VARIABLE = YES;
				IPHONEOS_DEPLOYMENT_TARGET = 10.3;
				MTL_ENABLE_DEBUG_INFO = YES;
				ONLY_ACTIVE_ARCH = YES;
				SDKROOT = iphoneos;
				SWIFT_ACTIVE_COMPILATION_CONDITIONS = DEBUG;
				SWIFT_OPTIMIZATION_LEVEL = "-Onone";
				TARGETED_DEVICE_FAMILY = "1,2";
			};
			name = Debug;
		};
		95FAFB431F814E2400880381 /* Release */ = {
			isa = XCBuildConfiguration;
			buildSettings = {
				ALWAYS_SEARCH_USER_PATHS = NO;
				CLANG_ANALYZER_NONNULL = YES;
				CLANG_ANALYZER_NUMBER_OBJECT_CONVERSION = YES_AGGRESSIVE;
				CLANG_CXX_LANGUAGE_STANDARD = "gnu++0x";
				CLANG_CXX_LIBRARY = "libc++";
				CLANG_ENABLE_MODULES = YES;
				CLANG_ENABLE_OBJC_ARC = YES;
				CLANG_WARN_BOOL_CONVERSION = YES;
				CLANG_WARN_CONSTANT_CONVERSION = YES;
				CLANG_WARN_DIRECT_OBJC_ISA_USAGE = YES_ERROR;
				CLANG_WARN_DOCUMENTATION_COMMENTS = YES;
				CLANG_WARN_EMPTY_BODY = YES;
				CLANG_WARN_ENUM_CONVERSION = YES;
				CLANG_WARN_INFINITE_RECURSION = YES;
				CLANG_WARN_INT_CONVERSION = YES;
				CLANG_WARN_OBJC_ROOT_CLASS = YES_ERROR;
				CLANG_WARN_SUSPICIOUS_MOVE = YES;
				CLANG_WARN_UNREACHABLE_CODE = YES;
				CLANG_WARN__DUPLICATE_METHOD_MATCH = YES;
				"CODE_SIGN_IDENTITY[sdk=iphoneos*]" = "iPhone Developer";
				COPY_PHASE_STRIP = NO;
				DEBUG_INFORMATION_FORMAT = "dwarf-with-dsym";
				ENABLE_NS_ASSERTIONS = NO;
				ENABLE_STRICT_OBJC_MSGSEND = YES;
				GCC_C_LANGUAGE_STANDARD = gnu99;
				GCC_NO_COMMON_BLOCKS = YES;
				GCC_WARN_64_TO_32_BIT_CONVERSION = YES;
				GCC_WARN_ABOUT_RETURN_TYPE = YES_ERROR;
				GCC_WARN_UNDECLARED_SELECTOR = YES;
				GCC_WARN_UNINITIALIZED_AUTOS = YES_AGGRESSIVE;
				GCC_WARN_UNUSED_FUNCTION = YES;
				GCC_WARN_UNUSED_VARIABLE = YES;
				IPHONEOS_DEPLOYMENT_TARGET = 10.3;
				MTL_ENABLE_DEBUG_INFO = NO;
				SDKROOT = iphoneos;
				SWIFT_OPTIMIZATION_LEVEL = "-Owholemodule";
				TARGETED_DEVICE_FAMILY = "1,2";
				VALIDATE_PRODUCT = YES;
			};
			name = Release;
		};
		95FAFB451F814E2400880381 /* Debug */ = {
			isa = XCBuildConfiguration;
			buildSettings = {
				ASSETCATALOG_COMPILER_APPICON_NAME = AppIcon;
				DEVELOPMENT_TEAM = CRCC8S2RPF;
				INFOPLIST_FILE = RecipeCollection/Info.plist;
				LD_RUNPATH_SEARCH_PATHS = "$(inherited) @executable_path/Frameworks";
				PRODUCT_BUNDLE_IDENTIFIER = org.itsdamslife.RecipeCollection;
				PRODUCT_NAME = "$(TARGET_NAME)";
				SWIFT_VERSION = 3.0;
			};
			name = Debug;
		};
		95FAFB461F814E2400880381 /* Release */ = {
			isa = XCBuildConfiguration;
			buildSettings = {
				ASSETCATALOG_COMPILER_APPICON_NAME = AppIcon;
				DEVELOPMENT_TEAM = CRCC8S2RPF;
				INFOPLIST_FILE = RecipeCollection/Info.plist;
				LD_RUNPATH_SEARCH_PATHS = "$(inherited) @executable_path/Frameworks";
				PRODUCT_BUNDLE_IDENTIFIER = org.itsdamslife.RecipeCollection;
				PRODUCT_NAME = "$(TARGET_NAME)";
				SWIFT_VERSION = 3.0;
			};
			name = Release;
		};
/* End XCBuildConfiguration section */

/* Begin XCConfigurationList section */
		95FAFB2D1F814E2300880381 /* Build configuration list for PBXProject "RecipeCollection" */ = {
			isa = XCConfigurationList;
			buildConfigurations = (
				95FAFB421F814E2400880381 /* Debug */,
				95FAFB431F814E2400880381 /* Release */,
			);
			defaultConfigurationIsVisible = 0;
			defaultConfigurationName = Release;
		};
		95FAFB441F814E2400880381 /* Build configuration list for PBXNativeTarget "RecipeCollection" */ = {
			isa = XCConfigurationList;
			buildConfigurations = (
				95FAFB451F814E2400880381 /* Debug */,
				95FAFB461F814E2400880381 /* Release */,
			);
			defaultConfigurationIsVisible = 0;
			defaultConfigurationName = Release;
		};
/* End XCConfigurationList section */
	};
	rootObject = 95FAFB2A1F814E2300880381 /* Project object */;
}
